
Microsoft Visual Studio Solution File, Format Version 12.00
# Visual Studio 15
VisualStudioVersion = 15.0.27703.2026
MinimumVisualStudioVersion = 10.0.40219.1
Project("{FAE04EC0-301F-11D3-BF4B-00C04F79EFBC}") = "Session2Exercise", "Session2Exercise\Session2Exercise.csproj", "{2BED1C9E-BFBE-4220-86B4-50AE854D5AB6}"
EndProject
Project("{FAE04EC0-301F-11D3-BF4B-00C04F79EFBC}") = "Session3Fixed", "Session3Fixed\Session3Fixed.csproj", "{386B894C-B865-4DBF-85C9-2D051A042664}"
EndProject
Global
	GlobalSection(SolutionConfigurationPlatforms) = preSolution
		Debug|Any CPU = Debug|Any CPU
		Release|Any CPU = Release|Any CPU
	EndGlobalSection
	GlobalSection(ProjectConfigurationPlatforms) = postSolution
		{2BED1C9E-BFBE-4220-86B4-50AE854D5AB6}.Debug|Any CPU.ActiveCfg = Debug|Any CPU
		{2BED1C9E-BFBE-4220-86B4-50AE854D5AB6}.Debug|Any CPU.Build.0 = Debug|Any CPU
		{2BED1C9E-BFBE-4220-86B4-50AE854D5AB6}.Release|Any CPU.ActiveCfg = Release|Any CPU
		{2BED1C9E-BFBE-4220-86B4-50AE854D5AB6}.Release|Any CPU.Build.0 = Release|Any CPU
		{386B894C-B865-4DBF-85C9-2D051A042664}.Debug|Any CPU.ActiveCfg = Debug|Any CPU
		{386B894C-B865-4DBF-85C9-2D051A042664}.Debug|Any CPU.Build.0 = Debug|Any CPU
		{386B894C-B865-4DBF-85C9-2D051A042664}.Release|Any CPU.ActiveCfg = Release|Any CPU
		{386B894C-B865-4DBF-85C9-2D051A042664}.Release|Any CPU.Build.0 = Release|Any CPU
	EndGlobalSection
	GlobalSection(SolutionProperties) = preSolution
		HideSolutionNode = FALSE
	EndGlobalSection
	GlobalSection(ExtensibilityGlobals) = postSolution
		SolutionGuid = {4AC5B45D-2FCB-4862-A506-0D731FB30BD5}
	EndGlobalSection
EndGlobal
